dependencies:
  idf:
    source:
      type: idf
    version: 5.4.1
  nimble_central_utils:
    dependencies: []
    source:
      path: C:\Users\yuta\yuta-dev\embedded\ESP32_DevKitC\sesame\main\components\nimble_central_utils
      type: local
    version: '*'
direct_dependencies:
- nimble_central_utils
manifest_hash: a3ad5409bddeab25f366b0b5e400234e777bebb4fefb9d756d109c572a485d66
target: esp32
version: 2.0.0
